
Microsoft Visual Studio Solution File, Format Version 12.00
# Visual Studio Version 17
VisualStudioVersion = 17.14.37027.9 d17.14
MinimumVisualStudioVersion = 10.0.40219.1
Project("{FAE04EC0-301F-11D3-BF4B-00C04F79EFBC}") = "RGB_Szinkevero", "RGB_Szinkevero\RGB_Szinkevero.csproj", "{7830A8CB-20E5-40EA-BF98-69F30C245D1C}"
EndProject
Global
	GlobalSection(SolutionConfigurationPlatforms) = preSolution
		Debug|Any CPU = Debug|Any CPU
		Release|Any CPU = Release|Any CPU
	EndGlobalSection
	GlobalSection(ProjectConfigurationPlatforms) = postSolution
		{7830A8CB-20E5-40EA-BF98-69F30C245D1C}.Debug|Any CPU.ActiveCfg = Debug|Any CPU
		{7830A8CB-20E5-40EA-BF98-69F30C245D1C}.Debug|Any CPU.Build.0 = Debug|Any CPU
		{7830A8CB-20E5-40EA-BF98-69F30C245D1C}.Release|Any CPU.ActiveCfg = Release|Any CPU
		{7830A8CB-20E5-40EA-BF98-69F30C245D1C}.Release|Any CPU.Build.0 = Release|Any CPU
	EndGlobalSection
	GlobalSection(SolutionProperties) = preSolution
		HideSolutionNode = FALSE
	EndGlobalSection
	GlobalSection(ExtensibilityGlobals) = postSolution
		SolutionGuid = {01766028-DC1A-49BC-87C4-5408D4B600D4}
	EndGlobalSection
EndGlobal
